
Microsoft Visual Studio Solution File, Format Version 12.00
# Visual Studio Version 17
VisualStudioVersion = 17.14.36310.24
MinimumVisualStudioVersion = 10.0.40219.1
Project("{FAE04EC0-301F-11D3-BF4B-00C04F79EFBC}") = "AirAnalysis", "AirAnalysis\AirAnalysis.csproj", "{59D09DEC-3B10-4202-9FDE-0CE2961FEC3D}"
EndProject
Project("{FAE04EC0-301F-11D3-BF4B-00C04F79EFBC}") = "AirAnalysis.DAL", "AirAnalysis.DAL\AirAnalysis.DAL.csproj", "{D3E3951C-8168-4AF4-9D2C-4E6D776BD0A0}"
EndProject
Project("{FAE04EC0-301F-11D3-BF4B-00C04F79EFBC}") = "AirAnalysis.BLL", "AirAnalysis.BLL\AirAnalysis.BLL.csproj", "{8EF3F5F7-6986-410E-A9FE-2E01621879EC}"
EndProject
Project("{FAE04EC0-301F-11D3-BF4B-00C04F79EFBC}") = "AirAnalysis.UnitTests", "AirAnalysis.UnitTests\AirAnalysis.UnitTests.csproj", "{7A7E61E2-B540-4947-8431-FDD5B42B7A11}"
EndProject
Global
	GlobalSection(SolutionConfigurationPlatforms) = preSolution
		Debug|Any CPU = Debug|Any CPU
		Release|Any CPU = Release|Any CPU
	EndGlobalSection
	GlobalSection(ProjectConfigurationPlatforms) = postSolution
		{59D09DEC-3B10-4202-9FDE-0CE2961FEC3D}.Debug|Any CPU.ActiveCfg = Debug|Any CPU
		{59D09DEC-3B10-4202-9FDE-0CE2961FEC3D}.Debug|Any CPU.Build.0 = Debug|Any CPU
		{59D09DEC-3B10-4202-9FDE-0CE2961FEC3D}.Release|Any CPU.ActiveCfg = Release|Any CPU
		{59D09DEC-3B10-4202-9FDE-0CE2961FEC3D}.Release|Any CPU.Build.0 = Release|Any CPU
		{D3E3951C-8168-4AF4-9D2C-4E6D776BD0A0}.Debug|Any CPU.ActiveCfg = Debug|Any CPU
		{D3E3951C-8168-4AF4-9D2C-4E6D776BD0A0}.Debug|Any CPU.Build.0 = Debug|Any CPU
		{D3E3951C-8168-4AF4-9D2C-4E6D776BD0A0}.Release|Any CPU.ActiveCfg = Release|Any CPU
		{D3E3951C-8168-4AF4-9D2C-4E6D776BD0A0}.Release|Any CPU.Build.0 = Release|Any CPU
		{8EF3F5F7-6986-410E-A9FE-2E01621879EC}.Debug|Any CPU.ActiveCfg = Debug|Any CPU
		{8EF3F5F7-6986-410E-A9FE-2E01621879EC}.Debug|Any CPU.Build.0 = Debug|Any CPU
		{8EF3F5F7-6986-410E-A9FE-2E01621879EC}.Release|Any CPU.ActiveCfg = Release|Any CPU
		{8EF3F5F7-6986-410E-A9FE-2E01621879EC}.Release|Any CPU.Build.0 = Release|Any CPU
		{7A7E61E2-B540-4947-8431-FDD5B42B7A11}.Debug|Any CPU.ActiveCfg = Debug|Any CPU
		{7A7E61E2-B540-4947-8431-FDD5B42B7A11}.Debug|Any CPU.Build.0 = Debug|Any CPU
		{7A7E61E2-B540-4947-8431-FDD5B42B7A11}.Release|Any CPU.ActiveCfg = Release|Any CPU
		{7A7E61E2-B540-4947-8431-FDD5B42B7A11}.Release|Any CPU.Build.0 = Release|Any CPU
	EndGlobalSection
	GlobalSection(SolutionProperties) = preSolution
		HideSolutionNode = FALSE
	EndGlobalSection
	GlobalSection(ExtensibilityGlobals) = postSolution
		SolutionGuid = {BA96D477-D5C4-4C85-B02D-70BF2EAEB4AE}
	EndGlobalSection
EndGlobal
